{
  "nodes": {
    "nixpkgs": {
      "locked": {
        "lastModified": 1684580438,
        "narHash": "sha256-LUPswmDn6fXP3lEBJFA2Id8PkcYDgzUilevWackYVvQ=",
        "owner": "NixOS",
        "repo": "nixpkgs",
        "rev": "7dc71aef32e8faf065cb171700792cf8a65c152d",
        "type": "github"
      },
      "original": {
        "owner": "NixOS",
        "ref": "nixos-22.11",
        "repo": "nixpkgs",
        "type": "github"
      }
    },
    "root": {
      "inputs": {
        "nixpkgs": "nixpkgs"
      }
    }
  },
  "root": "root",
  "version": 7
}
